<?xml version="1.0" encoding="utf-8"?>
<Project ToolsVersion="4.0" xmlns="http://schemas.microsoft.com/developer/msbuild/2003">
  <ItemGroup>
    <Filter Include="Header Files">
      <UniqueIdentifier>{93995380-89BD-4b04-88EB-625FBE52EBFB}</UniqueIdentifier>
      <Extensions>h;hh;hpp;hxx;h++;hm;inl;inc;ipp;xsd</Extensions>
    </Filter>
    <Filter Include="Resource Files">
      <UniqueIdentifier>{67DA6AB6-F800-4c08-8B7A-83BB121AAD01}</UniqueIdentifier>
      <Extensions>rc;ico;cur;bmp;dlg;rc2;rct;bin;rgs;gif;jpg;jpeg;jpe;resx;tiff;tif;png;wav;mfcribbon-ms</Extensions>
    </Filter>
    <Filter Include="src">
      <UniqueIdentifier>{e8c7744b-02b0-47d3-b90c-b36737e737e3}</UniqueIdentifier>
    </Filter>
    <Filter Include="src\core">
      <UniqueIdentifier>{143781d5-fa86-4a16-800f-05b705d9e9db}</UniqueIdentifier>
    </Filter>
    <Filter Include="src\win32">
      <UniqueIdentifier>{00733b5d-39b5-4709-8726-73509f52762c}</UniqueIdentifier>
    </Filter>
  </ItemGroup>
  <ItemGroup>
    <ClInclude Include="targetver.h">
      <Filter>Header Files</Filter>
    </ClInclude>
    <ClInclude Include="Resource.h">
      <Filter>Header Files</Filter>
    </ClInclude>
    <ClInclude Include="src\core\AppSettings.h">
      <Filter>src\core</Filter>
    </ClInclude>
    <ClInclude Include="src\core\EnvExport.h">
      <Filter>src\core</Filter>
    </ClInclude>
    <ClInclude Include="src\core\EnvStore.h">
      <Filter>src\core</Filter>
    </ClInclude>
    <ClInclude Include="src\core\EnvWriter.h">
      <Filter>src\core</Filter>
    </ClInclude>
    <ClInclude Include="src\core\KnowledgeBase.h">
      <Filter>src\core</Filter>
    </ClInclude>
    <ClInclude Include="src\core\SnapshotStore.h">
      <Filter>src\core</Filter>
    </ClInclude>
    <ClInclude Include="src\win32\grid.h">
      <Filter>src\win32</Filter>
    </ClInclude>
    <ClInclude Include="src\win32\theme.h">
      <Filter>src\win32</Filter>
    </ClInclude>
    <ClInclude Include="precomp.h">
      <Filter>Header Files</Filter>
    </ClInclude>
    <ClInclude Include="src\win32\app.h">
      <Filter>Header Files</Filter>
    </ClInclude>
    <ClInclude Include="src\win32\d2dwindow.h">
      <Filter>Header Files</Filter>
    </ClInclude>
    <ClInclude Include="src\win32\mainwindow.h">
      <Filter>Header Files</Filter>
    </ClInclude>
    <ClInclude Include="src\win32\gridview.h">
      <Filter>Header Files</Filter>
    </ClInclude>
    <ClInclude Include="src\win32\historyview.h">
      <Filter>Header Files</Filter>
    </ClInclude>
    <ClInclude Include="src\win32\view.h">
      <Filter>Header Files</Filter>
    </ClInclude>
    <ClInclude Include="src\win32\themeselectionview.h">
      <Filter>Header Files</Filter>
    </ClInclude>
  </ItemGroup>
  <ItemGroup>
    <ResourceCompile Include="environ.rc">
      <Filter>Resource Files</Filter>
    </ResourceCompile>
  </ItemGroup>
  <ItemGroup>
    <Image Include="small.ico">
      <Filter>Resource Files</Filter>
    </Image>
    <Image Include="environ.ico">
      <Filter>Resource Files</Filter>
    </Image>
  </ItemGroup>
  <ItemGroup>
    <ClCompile Include="src\core\AppSettings.cpp">
      <Filter>src\core</Filter>
    </ClCompile>
    <ClCompile Include="src\core\EnvExport.cpp">
      <Filter>src\core</Filter>
    </ClCompile>
    <ClCompile Include="src\core\EnvStore.cpp">
      <Filter>src\core</Filter>
    </ClCompile>
    <ClCompile Include="src\core\EnvWriter.cpp">
      <Filter>src\core</Filter>
    </ClCompile>
    <ClCompile Include="src\core\KnowledgeBase.cpp">
      <Filter>src\core</Filter>
    </ClCompile>
    <ClCompile Include="src\core\SnapshotStore.cpp">
      <Filter>src\core</Filter>
    </ClCompile>
    <ClCompile Include="src\win32\app.cpp">
      <Filter>src\win32</Filter>
    </ClCompile>
    <ClCompile Include="src\win32\grid.cpp">
      <Filter>src\win32</Filter>
    </ClCompile>
    <ClCompile Include="src\win32\theme.cpp">
      <Filter>src\win32</Filter>
    </ClCompile>
    <ClCompile Include="precomp.cpp" />
    <ClCompile Include="src\win32\d2dwindow.cpp" />
    <ClCompile Include="src\win32\mainwindow.cpp" />
    <ClCompile Include="src\win32\gridview.cpp" />
    <ClCompile Include="src\win32\historyview.cpp" />
    <ClCompile Include="src\win32\themeselectionview.cpp" />
    <ClCompile Include="extern\sqlite3\src\sqlite3\sqlite3.c">
      <Filter>src\win32</Filter>
    </ClCompile>
  </ItemGroup>
</Project>